hash: 1734d223a961b038dcd2c7a7420b07da823acfe93ccdb732cb9a1501a9eba79b
updated: 2017-11-09T16:15:41.363107769+09:00
imports:
- name: bitbucket.org/liamstask/goose
  version: 8488cc47d90c8a502b1c41a462a6d9cc8ee0a895
  subpackages:
  - cmd/goose
- name: github.com/gin-contrib/multitemplate
  version: bbc6daf6024bc4c48f334a0490321cd48a24da3d
- name: github.com/gin-contrib/sse
  version: 22d885f9ecc78bf4ee5d72b937e4bbcdc58e8cae
- name: github.com/gin-gonic/gin
  version: 76ad15ab32d000115cb7622a8317d7425dfc039c
  subpackages:
  - binding
  - json
  - render
- name: github.com/go-sql-driver/mysql
  version: fade21009797158e7b79e04c340118a9220c6f9e
- name: github.com/golang/protobuf
  version: 1643683e1b54a9e88ad26d98f81400c8c9d9f4f9
  subpackages:
  - proto
- name: github.com/json-iterator/go
  version: b1b003864e6d16e27a543216770f74dda086fbb9
- name: github.com/mattn/go-isatty
  version: 6ca4dbf54d38eea1a992b3c722a76a5d1c4cb25c
- name: github.com/ugorji/go
  version: 00a57e09e383d445aeef6c6cd642969dc4360231
  subpackages:
  - codec
- name: golang.org/x/crypto
  version: 6a293f2d4b14b8e6d3f0539e383f6d0d30fce3fd
  subpackages:
  - bcrypt
  - blowfish
- name: golang.org/x/sys
  version: 4b45465282a4624cf39876842a017334f13b8aff
  subpackages:
  - unix
- name: gopkg.in/go-playground/validator.v8
  version: 5f1438d3fca68893a817e4a66806cea46a9e4ebf
- name: gopkg.in/yaml.v2
  version: eb3733d160e74a9c7e442f435eb3bea458e1d19f
testImports: []
